
Microsoft Visual Studio Solution File, Format Version 12.00
# Visual Studio 15
VisualStudioVersion = 15.0.28307.539
MinimumVisualStudioVersion = 10.0.40219.1
Project("{9A19103F-16F7-4668-BE54-9A1E7A4F7556}") = "MemoryCache.Testing.Common", "MemoryCache.Testing.Common\MemoryCache.Testing.Common.csproj", "{C06EAE98-A172-4E72-95A5-6C0A7BE0A300}"
EndProject
Project("{9A19103F-16F7-4668-BE54-9A1E7A4F7556}") = "MemoryCache.Testing.Moq", "MemoryCache.Testing.Moq\MemoryCache.Testing.Moq.csproj", "{5AFCA9BB-C4DD-4EC7-B802-2F0ECA29033E}"
EndProject
Project("{9A19103F-16F7-4668-BE54-9A1E7A4F7556}") = "MemoryCache.Testing.Moq.Tests", "MemoryCache.Testing.Moq.Tests\MemoryCache.Testing.Moq.Tests.csproj", "{9CB85238-BB73-412E-995A-96E81B037F54}"
EndProject
Project("{2150E333-8FDC-42A3-9474-1A3956D46DE8}") = "Solution Items", "Solution Items", "{EAA51D2B-3ED5-42EA-9A4E-2A52BC6159BD}"
EndProject
Project("{2150E333-8FDC-42A3-9474-1A3956D46DE8}") = "Tests", "Tests", "{362E2B67-8C6E-401B-9ECE-B251B145869D}"
EndProject
Project("{9A19103F-16F7-4668-BE54-9A1E7A4F7556}") = "MemoryCache.Testing.Common.Tests", "MemoryCache.Testing.Common.Tests\MemoryCache.Testing.Common.Tests.csproj", "{D0A3F73E-A164-4711-83BE-12A2F91E6329}"
EndProject
Global
	GlobalSection(SolutionConfigurationPlatforms) = preSolution
		Debug|Any CPU = Debug|Any CPU
		Release|Any CPU = Release|Any CPU
	EndGlobalSection
	GlobalSection(ProjectConfigurationPlatforms) = postSolution
		{C06EAE98-A172-4E72-95A5-6C0A7BE0A300}.Debug|Any CPU.ActiveCfg = Debug|Any CPU
		{C06EAE98-A172-4E72-95A5-6C0A7BE0A300}.Debug|Any CPU.Build.0 = Debug|Any CPU
		{C06EAE98-A172-4E72-95A5-6C0A7BE0A300}.Release|Any CPU.ActiveCfg = Release|Any CPU
		{C06EAE98-A172-4E72-95A5-6C0A7BE0A300}.Release|Any CPU.Build.0 = Release|Any CPU
		{5AFCA9BB-C4DD-4EC7-B802-2F0ECA29033E}.Debug|Any CPU.ActiveCfg = Debug|Any CPU
		{5AFCA9BB-C4DD-4EC7-B802-2F0ECA29033E}.Debug|Any CPU.Build.0 = Debug|Any CPU
		{5AFCA9BB-C4DD-4EC7-B802-2F0ECA29033E}.Release|Any CPU.ActiveCfg = Release|Any CPU
		{5AFCA9BB-C4DD-4EC7-B802-2F0ECA29033E}.Release|Any CPU.Build.0 = Release|Any CPU
		{9CB85238-BB73-412E-995A-96E81B037F54}.Debug|Any CPU.ActiveCfg = Debug|Any CPU
		{9CB85238-BB73-412E-995A-96E81B037F54}.Debug|Any CPU.Build.0 = Debug|Any CPU
		{9CB85238-BB73-412E-995A-96E81B037F54}.Release|Any CPU.ActiveCfg = Release|Any CPU
		{9CB85238-BB73-412E-995A-96E81B037F54}.Release|Any CPU.Build.0 = Release|Any CPU
		{D0A3F73E-A164-4711-83BE-12A2F91E6329}.Debug|Any CPU.ActiveCfg = Debug|Any CPU
		{D0A3F73E-A164-4711-83BE-12A2F91E6329}.Debug|Any CPU.Build.0 = Debug|Any CPU
		{D0A3F73E-A164-4711-83BE-12A2F91E6329}.Release|Any CPU.ActiveCfg = Release|Any CPU
		{D0A3F73E-A164-4711-83BE-12A2F91E6329}.Release|Any CPU.Build.0 = Release|Any CPU
	EndGlobalSection
	GlobalSection(SolutionProperties) = preSolution
		HideSolutionNode = FALSE
	EndGlobalSection
	GlobalSection(NestedProjects) = preSolution
		{9CB85238-BB73-412E-995A-96E81B037F54} = {362E2B67-8C6E-401B-9ECE-B251B145869D}
		{D0A3F73E-A164-4711-83BE-12A2F91E6329} = {362E2B67-8C6E-401B-9ECE-B251B145869D}
	EndGlobalSection
	GlobalSection(ExtensibilityGlobals) = postSolution
		SolutionGuid = {0C21C18E-E656-4EF9-9FD0-60FFA2FDC4D7}
	EndGlobalSection
EndGlobal
